{
  "requires": true,
  "lockfileVersion": 1,
  "dependencies": {
    "docker-compose": {
      "version": "0.17.5",
      "resolved": "https://registry.npmjs.org/docker-compose/-/docker-compose-0.17.5.tgz",
      "integrity": "sha512-/2+l37r51x0lPdDp3qtcIsLlw0I+snhUrZ7h4LCuNmpPBTd7pz20XU5Umj933bFo1P+Mn1sgH3Njm1mL2cw7nA=="
    }
  }
}
